
Microsoft Visual Studio Solution File, Format Version 11.00
# Visual Studio 2010
Project("{FAE04EC0-301F-11D3-BF4B-00C04F79EFBC}") = "MvcApplication2", "MvcApplication2\MvcApplication2.csproj", "{5D59343B-FA6A-4B6B-8AFF-723CE37D0A74}"
EndProject
Global
	GlobalSection(SolutionConfigurationPlatforms) = preSolution
		Debug|Any CPU = Debug|Any CPU
		Release|Any CPU = Release|Any CPU
	EndGlobalSection
	GlobalSection(ProjectConfigurationPlatforms) = postSolution
		{5D59343B-FA6A-4B6B-8AFF-723CE37D0A74}.Debug|Any CPU.ActiveCfg = Debug|Any CPU
		{5D59343B-FA6A-4B6B-8AFF-723CE37D0A74}.Debug|Any CPU.Build.0 = Debug|Any CPU
		{5D59343B-FA6A-4B6B-8AFF-723CE37D0A74}.Release|Any CPU.ActiveCfg = Release|Any CPU
		{5D59343B-FA6A-4B6B-8AFF-723CE37D0A74}.Release|Any CPU.Build.0 = Release|Any CPU
	EndGlobalSection
	GlobalSection(SolutionProperties) = preSolution
		HideSolutionNode = FALSE
	EndGlobalSection
EndGlobal
